
Microsoft Visual Studio Solution File, Format Version 12.00
# Visual Studio Version 17
VisualStudioVersion = 17.5.33502.453
MinimumVisualStudioVersion = 10.0.40219.1
Project("{FAE04EC0-301F-11D3-BF4B-00C04F79EFBC}") = "EFCoreDemo", "EFCoreDemo.csproj", "{B31A83C0-FE6D-47C6-834B-5ED13082AF55}"
EndProject
Global
	GlobalSection(SolutionConfigurationPlatforms) = preSolution
		Debug|Any CPU = Debug|Any CPU
		Release|Any CPU = Release|Any CPU
	EndGlobalSection
	GlobalSection(ProjectConfigurationPlatforms) = postSolution
		{B31A83C0-FE6D-47C6-834B-5ED13082AF55}.Debug|Any CPU.ActiveCfg = Debug|Any CPU
		{B31A83C0-FE6D-47C6-834B-5ED13082AF55}.Debug|Any CPU.Build.0 = Debug|Any CPU
		{B31A83C0-FE6D-47C6-834B-5ED13082AF55}.Release|Any CPU.ActiveCfg = Release|Any CPU
		{B31A83C0-FE6D-47C6-834B-5ED13082AF55}.Release|Any CPU.Build.0 = Release|Any CPU
	EndGlobalSection
	GlobalSection(SolutionProperties) = preSolution
		HideSolutionNode = FALSE
	EndGlobalSection
	GlobalSection(ExtensibilityGlobals) = postSolution
		SolutionGuid = {38C8F663-4FE6-43A6-9602-AE6089B73398}
	EndGlobalSection
EndGlobal
